
Microsoft Visual Studio Solution File, Format Version 12.00
# Visual Studio Version 17
VisualStudioVersion = 17.6.33815.320
MinimumVisualStudioVersion = 10.0.40219.1
Project("{FAE04EC0-301F-11D3-BF4B-00C04F79EFBC}") = "Test", "Test\Test.csproj", "{548CE736-B851-415C-B5A5-57ED5EE94FB7}"
EndProject
Project("{9A19103F-16F7-4668-BE54-9A1E7A4F7556}") = "FrmCalculadora", "..\Form_calculadora_primer_parcial\CalculadoraDeNuevo\FrmCalculadora.csproj", "{DFFC653B-3C00-413B-A721-CFB3BF81B41D}"
EndProject
Project("{FAE04EC0-301F-11D3-BF4B-00C04F79EFBC}") = "Entidades", "Entidades\Entidades.csproj", "{664FC241-0337-49E6-8D73-9B15A5275CA5}"
EndProject
Global
	GlobalSection(SolutionConfigurationPlatforms) = preSolution
		Debug|Any CPU = Debug|Any CPU
		Release|Any CPU = Release|Any CPU
	EndGlobalSection
	GlobalSection(ProjectConfigurationPlatforms) = postSolution
		{548CE736-B851-415C-B5A5-57ED5EE94FB7}.Debug|Any CPU.ActiveCfg = Debug|Any CPU
		{548CE736-B851-415C-B5A5-57ED5EE94FB7}.Debug|Any CPU.Build.0 = Debug|Any CPU
		{548CE736-B851-415C-B5A5-57ED5EE94FB7}.Release|Any CPU.ActiveCfg = Release|Any CPU
		{548CE736-B851-415C-B5A5-57ED5EE94FB7}.Release|Any CPU.Build.0 = Release|Any CPU
		{DFFC653B-3C00-413B-A721-CFB3BF81B41D}.Debug|Any CPU.ActiveCfg = Debug|Any CPU
		{DFFC653B-3C00-413B-A721-CFB3BF81B41D}.Debug|Any CPU.Build.0 = Debug|Any CPU
		{DFFC653B-3C00-413B-A721-CFB3BF81B41D}.Release|Any CPU.ActiveCfg = Release|Any CPU
		{DFFC653B-3C00-413B-A721-CFB3BF81B41D}.Release|Any CPU.Build.0 = Release|Any CPU
		{664FC241-0337-49E6-8D73-9B15A5275CA5}.Debug|Any CPU.ActiveCfg = Debug|Any CPU
		{664FC241-0337-49E6-8D73-9B15A5275CA5}.Debug|Any CPU.Build.0 = Debug|Any CPU
		{664FC241-0337-49E6-8D73-9B15A5275CA5}.Release|Any CPU.ActiveCfg = Release|Any CPU
		{664FC241-0337-49E6-8D73-9B15A5275CA5}.Release|Any CPU.Build.0 = Release|Any CPU
	EndGlobalSection
	GlobalSection(SolutionProperties) = preSolution
		HideSolutionNode = FALSE
	EndGlobalSection
	GlobalSection(ExtensibilityGlobals) = postSolution
		SolutionGuid = {1CD1A5C5-6CBB-4337-9760-EE4D9AF66AFF}
	EndGlobalSection
EndGlobal
